
Microsoft Visual Studio Solution File, Format Version 12.00
# Visual Studio Version 16
VisualStudioVersion = 16.0.31727.386
MinimumVisualStudioVersion = 10.0.40219.1
Project("{FAE04EC0-301F-11D3-BF4B-00C04F79EFBC}") = "cviceni2", "cviceni2\cviceni2.csproj", "{1700B039-AA22-4FA5-BE97-17695291BBD2}"
EndProject
Global
	GlobalSection(SolutionConfigurationPlatforms) = preSolution
		Debug|Any CPU = Debug|Any CPU
		Release|Any CPU = Release|Any CPU
	EndGlobalSection
	GlobalSection(ProjectConfigurationPlatforms) = postSolution
		{1700B039-AA22-4FA5-BE97-17695291BBD2}.Debug|Any CPU.ActiveCfg = Debug|Any CPU
		{1700B039-AA22-4FA5-BE97-17695291BBD2}.Debug|Any CPU.Build.0 = Debug|Any CPU
		{1700B039-AA22-4FA5-BE97-17695291BBD2}.Release|Any CPU.ActiveCfg = Release|Any CPU
		{1700B039-AA22-4FA5-BE97-17695291BBD2}.Release|Any CPU.Build.0 = Release|Any CPU
	EndGlobalSection
	GlobalSection(SolutionProperties) = preSolution
		HideSolutionNode = FALSE
	EndGlobalSection
	GlobalSection(ExtensibilityGlobals) = postSolution
		SolutionGuid = {813603F1-B8F3-4BBA-B5BB-C8FD9F816C37}
	EndGlobalSection
EndGlobal
